
Microsoft Visual Studio Solution File, Format Version 12.00
# Visual Studio Version 17
VisualStudioVersion = 17.5.33424.131
MinimumVisualStudioVersion = 10.0.40219.1
Project("{FAE04EC0-301F-11D3-BF4B-00C04F79EFBC}") = "TestMigration", "TestMigration\TestMigration.csproj", "{D2C0B574-A7A1-4D8D-9855-25EF083BCF62}"
EndProject
Global
	GlobalSection(SolutionConfigurationPlatforms) = preSolution
		Debug|Any CPU = Debug|Any CPU
		Release|Any CPU = Release|Any CPU
	EndGlobalSection
	GlobalSection(ProjectConfigurationPlatforms) = postSolution
		{D2C0B574-A7A1-4D8D-9855-25EF083BCF62}.Debug|Any CPU.ActiveCfg = Debug|Any CPU
		{D2C0B574-A7A1-4D8D-9855-25EF083BCF62}.Debug|Any CPU.Build.0 = Debug|Any CPU
		{D2C0B574-A7A1-4D8D-9855-25EF083BCF62}.Release|Any CPU.ActiveCfg = Release|Any CPU
		{D2C0B574-A7A1-4D8D-9855-25EF083BCF62}.Release|Any CPU.Build.0 = Release|Any CPU
	EndGlobalSection
	GlobalSection(SolutionProperties) = preSolution
		HideSolutionNode = FALSE
	EndGlobalSection
	GlobalSection(ExtensibilityGlobals) = postSolution
		SolutionGuid = {7BD1BF21-A578-416D-A567-F3F38D66291C}
	EndGlobalSection
EndGlobal
